
Microsoft Visual Studio Solution File, Format Version 12.00
# Visual Studio Version 17
VisualStudioVersion = 17.12.35527.113 d17.12
MinimumVisualStudioVersion = 10.0.40219.1
Project("{FAE04EC0-301F-11D3-BF4B-00C04F79EFBC}") = "Restaurants.API", "Restaurants.API\Restaurants.API.csproj", "{83B24C53-D20A-4788-9B9C-B0269EAB379F}"
EndProject
Project("{FAE04EC0-301F-11D3-BF4B-00C04F79EFBC}") = "Restaurants.Domain", "Restaurants.Domain\Restaurants.Domain.csproj", "{2EA6737A-2B48-42ED-9F56-5422EF53A28F}"
EndProject
Project("{FAE04EC0-301F-11D3-BF4B-00C04F79EFBC}") = "Restaurants.Application", "Restaurants.Application\Restaurants.Application.csproj", "{FE5FC4CE-89B5-472B-BB39-A2BA01F7F638}"
EndProject
Project("{FAE04EC0-301F-11D3-BF4B-00C04F79EFBC}") = "Restaurants.Infrastructure", "Restaurants.Infstrcuture\Restaurants.Infrastructure.csproj", "{AA640603-7EA9-4C05-9A15-8C2494AC0525}"
EndProject
Global
	GlobalSection(SolutionConfigurationPlatforms) = preSolution
		Debug|Any CPU = Debug|Any CPU
		Release|Any CPU = Release|Any CPU
	EndGlobalSection
	GlobalSection(ProjectConfigurationPlatforms) = postSolution
		{83B24C53-D20A-4788-9B9C-B0269EAB379F}.Debug|Any CPU.ActiveCfg = Debug|Any CPU
		{83B24C53-D20A-4788-9B9C-B0269EAB379F}.Debug|Any CPU.Build.0 = Debug|Any CPU
		{83B24C53-D20A-4788-9B9C-B0269EAB379F}.Release|Any CPU.ActiveCfg = Release|Any CPU
		{83B24C53-D20A-4788-9B9C-B0269EAB379F}.Release|Any CPU.Build.0 = Release|Any CPU
		{2EA6737A-2B48-42ED-9F56-5422EF53A28F}.Debug|Any CPU.ActiveCfg = Debug|Any CPU
		{2EA6737A-2B48-42ED-9F56-5422EF53A28F}.Debug|Any CPU.Build.0 = Debug|Any CPU
		{2EA6737A-2B48-42ED-9F56-5422EF53A28F}.Release|Any CPU.ActiveCfg = Release|Any CPU
		{2EA6737A-2B48-42ED-9F56-5422EF53A28F}.Release|Any CPU.Build.0 = Release|Any CPU
		{FE5FC4CE-89B5-472B-BB39-A2BA01F7F638}.Debug|Any CPU.ActiveCfg = Debug|Any CPU
		{FE5FC4CE-89B5-472B-BB39-A2BA01F7F638}.Debug|Any CPU.Build.0 = Debug|Any CPU
		{FE5FC4CE-89B5-472B-BB39-A2BA01F7F638}.Release|Any CPU.ActiveCfg = Release|Any CPU
		{FE5FC4CE-89B5-472B-BB39-A2BA01F7F638}.Release|Any CPU.Build.0 = Release|Any CPU
		{AA640603-7EA9-4C05-9A15-8C2494AC0525}.Debug|Any CPU.ActiveCfg = Debug|Any CPU
		{AA640603-7EA9-4C05-9A15-8C2494AC0525}.Debug|Any CPU.Build.0 = Debug|Any CPU
		{AA640603-7EA9-4C05-9A15-8C2494AC0525}.Release|Any CPU.ActiveCfg = Release|Any CPU
		{AA640603-7EA9-4C05-9A15-8C2494AC0525}.Release|Any CPU.Build.0 = Release|Any CPU
	EndGlobalSection
	GlobalSection(SolutionProperties) = preSolution
		HideSolutionNode = FALSE
	EndGlobalSection
EndGlobal
